// !$*UTF8*$!
{
	archiveVersion = 1;
	classes = {
	};
	objectVersion = 77;
	objects = {

/* Begin PBXBuildFile section */
		6940CEC52F69EF61003F9516 /* disableSelectionScript.js in Resources */ = {isa = PBXBuildFile; fileRef = 6940CEC42F69EF5B003F9516 /* disableSelectionScript.js */; };
		6940CEC72F69EF75003F9516 /* touchToMouseScript.js in Resources */ = {isa = PBXBuildFile; fileRef = 6940CEC62F69EF71003F9516 /* touchToMouseScript.js */; };
		6940CED02F69FA29003F9516 /* loadJS.swift in Sources */ = {isa = PBXBuildFile; fileRef = 6940CECF2F69FA25003F9516 /* loadJS.swift */; };
		69557BDD2FC7909500B24E91 /* touchToMouseScript.js in Resources */ = {isa = PBXBuildFile; fileRef = 6940CEC62F69EF71003F9516 /* touchToMouseScript.js */; };
		69557BDE2FC7909900B24E91 /* disableSelectionScript.js in Resources */ = {isa = PBXBuildFile; fileRef = 6940CEC42F69EF5B003F9516 /* disableSelectionScript.js */; };
		69557BDF2FC790A400B24E91 /* sendBackspace.js in Resources */ = {isa = PBXBuildFile; fileRef = 69975F582FC47EE900F9B4A0 /* sendBackspace.js */; };
		69557BE02FC790A800B24E91 /* sendEnter.js in Resources */ = {isa = PBXBuildFile; fileRef = 69975F5A2FC47EFC00F9B4A0 /* sendEnter.js */; };
		69834CEE300978C900A7048A /* ContentView.swift in Sources */ = {isa = PBXBuildFile; fileRef = 69834CED300978C900A7048A /* ContentView.swift */; };
		69834CEF300978C900A7048A /* ContentView.swift in Sources */ = {isa = PBXBuildFile; fileRef = 69834CED300978C900A7048A /* ContentView.swift */; };
		6989BD663013A93800DF8BDB /* DocumentPickerView.swift in Sources */ = {isa = PBXBuildFile; fileRef = 6989BD653013A93800DF8BDB /* DocumentPickerView.swift */; };
		6989BD673013A93800DF8BDB /* DocumentPickerView.swift in Sources */ = {isa = PBXBuildFile; fileRef = 6989BD653013A93800DF8BDB /* DocumentPickerView.swift */; };
		69975F592FC47EF000F9B4A0 /* sendBackspace.js in Resources */ = {isa = PBXBuildFile; fileRef = 69975F582FC47EE900F9B4A0 /* sendBackspace.js */; };
		69975F5B2FC47F0100F9B4A0 /* sendEnter.js in Resources */ = {isa = PBXBuildFile; fileRef = 69975F5A2FC47EFC00F9B4A0 /* sendEnter.js */; };
		69DB11E22F6CA3E600266234 /* Assets.xcassets in Sources */ = {isa = PBXBuildFile; fileRef = 69EDD2242F6426100008D85D /* Assets.xcassets */; };
		69DB11E42F6CA3EC00266234 /* VMView.swift in Sources */ = {isa = PBXBuildFile; fileRef = 69EDD22D2F6426100008D85D /* VMView.swift */; };
		69DB11E52F6CA3EF00266234 /* EnhancedTextField.swift in Sources */ = {isa = PBXBuildFile; fileRef = 69EDD22B2F6426100008D85D /* EnhancedTextField.swift */; };
		69DB11E72F6CA3FB00266234 /* WebView.swift in Sources */ = {isa = PBXBuildFile; fileRef = 69EDD22E2F6426100008D85D /* WebView.swift */; };
		69DB11E92F6CA3FE00266234 /* loadJS.swift in Sources */ = {isa = PBXBuildFile; fileRef = 6940CECF2F69FA25003F9516 /* loadJS.swift */; };
		69DB11EC2F6CA40800266234 /* SpiceMobileApp.swift in Sources */ = {isa = PBXBuildFile; fileRef = 69EDD2312F6426100008D85D /* SpiceMobileApp.swift */; };
		69DB11F22F6CA43700266234 /* bwLP-Remote-LaunchScreen.storyboard in Resources */ = {isa = PBXBuildFile; fileRef = 69DB11EE2F6CA43700266234 /* bwLP-Remote-LaunchScreen.storyboard */; };
		69DB11F42F6CA43700266234 /* OSVDIClient-LaunchScreen.storyboard in Resources */ = {isa = PBXBuildFile; fileRef = 69DB11F02F6CA43700266234 /* OSVDIClient-LaunchScreen.storyboard */; };
		69DB11F52F6CA43700266234 /* bwLP-Remote-LaunchScreen.storyboard in Resources */ = {isa = PBXBuildFile; fileRef = 69DB11EE2F6CA43700266234 /* bwLP-Remote-LaunchScreen.storyboard */; };
		69DB11F72F6CA43700266234 /* OSVDIClient-LaunchScreen.storyboard in Resources */ = {isa = PBXBuildFile; fileRef = 69DB11F02F6CA43700266234 /* OSVDIClient-LaunchScreen.storyboard */; };
		69EDD2342F642B090008D85D /* SpiceMobileApp.swift in Sources */ = {isa = PBXBuildFile; fileRef = 69EDD2312F6426100008D85D /* SpiceMobileApp.swift */; };
		69EDD2362F642B870008D85D /* WebView.swift in Sources */ = {isa = PBXBuildFile; fileRef = 69EDD22E2F6426100008D85D /* WebView.swift */; };
		69EDD2372F642B8B0008D85D /* VMView.swift in Sources */ = {isa = PBXBuildFile; fileRef = 69EDD22D2F6426100008D85D /* VMView.swift */; };
		69EDD2392F642B930008D85D /* EnhancedTextField.swift in Sources */ = {isa = PBXBuildFile; fileRef = 69EDD22B2F6426100008D85D /* EnhancedTextField.swift */; };
		69EDD23B2F642BB80008D85D /* Assets.xcassets in Sources */ = {isa = PBXBuildFile; fileRef = 69EDD2242F6426100008D85D /* Assets.xcassets */; };
/* End PBXBuildFile section */

/* Begin PBXFileReference section */
		6940CEC42F69EF5B003F9516 /* disableSelectionScript.js */ = {isa = PBXFileReference; lastKnownFileType = sourcecode.javascript; path = disableSelectionScript.js; sourceTree = "<group>"; };
		6940CEC62F69EF71003F9516 /* touchToMouseScript.js */ = {isa = PBXFileReference; lastKnownFileType = sourcecode.javascript; path = touchToMouseScript.js; sourceTree = "<group>"; };
		6940CECF2F69FA25003F9516 /* loadJS.swift */ = {isa = PBXFileReference; lastKnownFileType = sourcecode.swift; path = loadJS.swift; sourceTree = "<group>"; };
		696151442F6C6D180038A4A7 /* bwLP Remote.app */ = {isa = PBXFileReference; explicitFileType = wrapper.application; includeInIndex = 0; path = "bwLP Remote.app"; sourceTree = BUILT_PRODUCTS_DIR; };
		69834CED300978C900A7048A /* ContentView.swift */ = {isa = PBXFileReference; lastKnownFileType = sourcecode.swift; path = ContentView.swift; sourceTree = "<group>"; };
		6989BD653013A93800DF8BDB /* DocumentPickerView.swift */ = {isa = PBXFileReference; lastKnownFileType = sourcecode.swift; path = DocumentPickerView.swift; sourceTree = "<group>"; };
		69975F582FC47EE900F9B4A0 /* sendBackspace.js */ = {isa = PBXFileReference; lastKnownFileType = sourcecode.javascript; path = sendBackspace.js; sourceTree = "<group>"; };
		69975F5A2FC47EFC00F9B4A0 /* sendEnter.js */ = {isa = PBXFileReference; lastKnownFileType = sourcecode.javascript; path = sendEnter.js; sourceTree = "<group>"; };
		69C636D22EDE01610041D875 /* OSVDIClient.app */ = {isa = PBXFileReference; explicitFileType = wrapper.application; includeInIndex = 0; path = OSVDIClient.app; sourceTree = BUILT_PRODUCTS_DIR; };
		69DB11EE2F6CA43700266234 /* bwLP-Remote-LaunchScreen.storyboard */ = {isa = PBXFileReference; lastKnownFileType = file.storyboard; path = "bwLP-Remote-LaunchScreen.storyboard"; sourceTree = "<group>"; };
		69DB11F02F6CA43700266234 /* OSVDIClient-LaunchScreen.storyboard */ = {isa = PBXFileReference; lastKnownFileType = file.storyboard; path = "OSVDIClient-LaunchScreen.storyboard"; sourceTree = "<group>"; };
		69EDD2242F6426100008D85D /* Assets.xcassets */ = {isa = PBXFileReference; lastKnownFileType = folder.assetcatalog; path = Assets.xcassets; sourceTree = "<group>"; };
		69EDD22B2F6426100008D85D /* EnhancedTextField.swift */ = {isa = PBXFileReference; lastKnownFileType = sourcecode.swift; path = EnhancedTextField.swift; sourceTree = "<group>"; };
		69EDD22D2F6426100008D85D /* VMView.swift */ = {isa = PBXFileReference; lastKnownFileType = sourcecode.swift; path = VMView.swift; sourceTree = "<group>"; };
		69EDD22E2F6426100008D85D /* WebView.swift */ = {isa = PBXFileReference; lastKnownFileType = sourcecode.swift; path = WebView.swift; sourceTree = "<group>"; };
		69EDD2302F6426100008D85D /* LICENSE.txt */ = {isa = PBXFileReference; lastKnownFileType = text; path = LICENSE.txt; sourceTree = "<group>"; };
		69EDD2312F6426100008D85D /* SpiceMobileApp.swift */ = {isa = PBXFileReference; lastKnownFileType = sourcecode.swift; path = SpiceMobileApp.swift; sourceTree = "<group>"; };
/* End PBXFileReference section */

/* Begin PBXFrameworksBuildPhase section */
		696151412F6C6D180038A4A7 /* Frameworks */ = {
			isa = PBXFrameworksBuildPhase;
			buildActionMask = 2147483647;
			files = (
			);
			runOnlyForDeploymentPostprocessing = 0;
		};
		69C636CF2EDE01610041D875 /* Frameworks */ = {
			isa = PBXFrameworksBuildPhase;
			buildActionMask = 2147483647;
			files = (
			);
			runOnlyForDeploymentPostprocessing = 0;
		};
/* End PBXFrameworksBuildPhase section */

/* Begin PBXGroup section */
		6940CED32F6A0726003F9516 /* Interaction-Overrides */ = {
			isa = PBXGroup;
			children = (
				6940CEC42F69EF5B003F9516 /* disableSelectionScript.js */,
				6940CEC62F69EF71003F9516 /* touchToMouseScript.js */,
			);
			path = "Interaction-Overrides";
			sourceTree = "<group>";
		};
		6940CED42F6A073E003F9516 /* Keyboard-Handling */ = {
			isa = PBXGroup;
			children = (
				69975F5A2FC47EFC00F9B4A0 /* sendEnter.js */,
				69975F582FC47EE900F9B4A0 /* sendBackspace.js */,
			);
			path = "Keyboard-Handling";
			sourceTree = "<group>";
		};
		6976B5392F69EAAE00DB652E /* WebView */ = {
			isa = PBXGroup;
			children = (
				6976B53A2F69EABD00DB652E /* JS */,
				69EDD22E2F6426100008D85D /* WebView.swift */,
			);
			path = WebView;
			sourceTree = "<group>";
		};
		6976B53A2F69EABD00DB652E /* JS */ = {
			isa = PBXGroup;
			children = (
				6940CED42F6A073E003F9516 /* Keyboard-Handling */,
				6940CED32F6A0726003F9516 /* Interaction-Overrides */,
				6940CECF2F69FA25003F9516 /* loadJS.swift */,
			);
			path = JS;
			sourceTree = "<group>";
		};
		6989BD6D3013B04600DF8BDB /* VMView */ = {
			isa = PBXGroup;
			children = (
				69EDD22D2F6426100008D85D /* VMView.swift */,
				6989BD653013A93800DF8BDB /* DocumentPickerView.swift */,
			);
			path = VMView;
			sourceTree = "<group>";
		};
		69C636C92EDE01610041D875 = {
			isa = PBXGroup;
			children = (
				69EDD2322F6426100008D85D /* SpiceMobile */,
				69C636D32EDE01610041D875 /* Products */,
			);
			sourceTree = "<group>";
		};
		69C636D32EDE01610041D875 /* Products */ = {
			isa = PBXGroup;
			children = (
				69C636D22EDE01610041D875 /* OSVDIClient.app */,
				696151442F6C6D180038A4A7 /* bwLP Remote.app */,
			);
			name = Products;
			sourceTree = "<group>";
		};
		69DB11F12F6CA43700266234 /* LaunchScreens */ = {
			isa = PBXGroup;
			children = (
				69DB11EE2F6CA43700266234 /* bwLP-Remote-LaunchScreen.storyboard */,
				69DB11F02F6CA43700266234 /* OSVDIClient-LaunchScreen.storyboard */,
			);
			name = LaunchScreens;
			path = SpiceMobile/LaunchScreens;
			sourceTree = SOURCE_ROOT;
		};
		69EDD2252F6426100008D85D /* Assets */ = {
			isa = PBXGroup;
			children = (
				69EDD2242F6426100008D85D /* Assets.xcassets */,
			);
			path = Assets;
			sourceTree = "<group>";
		};
		69EDD22C2F6426100008D85D /* EnhancedTextField */ = {
			isa = PBXGroup;
			children = (
				69EDD22B2F6426100008D85D /* EnhancedTextField.swift */,
			);
			path = EnhancedTextField;
			sourceTree = "<group>";
		};
		69EDD22F2F6426100008D85D /* Views */ = {
			isa = PBXGroup;
			children = (
				6989BD6D3013B04600DF8BDB /* VMView */,
				6976B5392F69EAAE00DB652E /* WebView */,
				69834CED300978C900A7048A /* ContentView.swift */,
			);
			path = Views;
			sourceTree = "<group>";
		};
		69EDD2322F6426100008D85D /* SpiceMobile */ = {
			isa = PBXGroup;
			children = (
				69DB11F12F6CA43700266234 /* LaunchScreens */,
				69EDD2252F6426100008D85D /* Assets */,
				69EDD22C2F6426100008D85D /* EnhancedTextField */,
				69EDD22F2F6426100008D85D /* Views */,
				69EDD2302F6426100008D85D /* LICENSE.txt */,
				69EDD2312F6426100008D85D /* SpiceMobileApp.swift */,
			);
			path = SpiceMobile;
			sourceTree = "<group>";
		};
/* End PBXGroup section */

/* Begin PBXNativeTarget section */
		696151432F6C6D180038A4A7 /* bwLP Remote */ = {
			isa = PBXNativeTarget;
			buildConfigurationList = 6961514E2F6C6D1A0038A4A7 /* Build configuration list for PBXNativeTarget "bwLP Remote" */;
			buildPhases = (
				696151402F6C6D180038A4A7 /* Sources */,
				696151412F6C6D180038A4A7 /* Frameworks */,
				696151422F6C6D180038A4A7 /* Resources */,
			);
			buildRules = (
			);
			dependencies = (
			);
			name = "bwLP Remote";
			packageProductDependencies = (
			);
			productName = "bwLP Remote";
			productReference = 696151442F6C6D180038A4A7 /* bwLP Remote.app */;
			productType = "com.apple.product-type.application";
		};
		69C636D12EDE01610041D875 /* OSVDIClient */ = {
			isa = PBXNativeTarget;
			buildConfigurationList = 69C636E22EDE01620041D875 /* Build configuration list for PBXNativeTarget "OSVDIClient" */;
			buildPhases = (
				69C636CE2EDE01610041D875 /* Sources */,
				69C636CF2EDE01610041D875 /* Frameworks */,
				69C636D02EDE01610041D875 /* Resources */,
			);
			buildRules = (
			);
			dependencies = (
			);
			name = OSVDIClient;
			packageProductDependencies = (
			);
			productName = SpiceMobile;
			productReference = 69C636D22EDE01610041D875 /* OSVDIClient.app */;
			productType = "com.apple.product-type.application";
		};
/* End PBXNativeTarget section */

/* Begin PBXProject section */
		69C636CA2EDE01610041D875 /* Project object */ = {
			isa = PBXProject;
			attributes = {
				BuildIndependentTargetsInParallel = 1;
				KnownAssetTags = (
					"Image(/*@START_MENU_TOKEN@*/\"Image Name\"/*@END_MENU_TOKEN@*/)",
				);
				LastSwiftUpdateCheck = 2630;
				LastUpgradeCheck = 2650;
				TargetAttributes = {
					696151432F6C6D180038A4A7 = {
						CreatedOnToolsVersion = 26.3;
					};
					69C636D12EDE01610041D875 = {
						CreatedOnToolsVersion = 26.1.1;
					};
				};
			};
			buildConfigurationList = 69C636CD2EDE01610041D875 /* Build configuration list for PBXProject "SpiceMobile" */;
			developmentRegion = en;
			hasScannedForEncodings = 0;
			knownRegions = (
				en,
				Base,
			);
			mainGroup = 69C636C92EDE01610041D875;
			minimizedProjectReferenceProxies = 1;
			preferredProjectObjectVersion = 77;
			productRefGroup = 69C636D32EDE01610041D875 /* Products */;
			projectDirPath = "";
			projectRoot = "";
			targets = (
				69C636D12EDE01610041D875 /* OSVDIClient */,
				696151432F6C6D180038A4A7 /* bwLP Remote */,
			);
		};
/* End PBXProject section */

/* Begin PBXResourcesBuildPhase section */
		696151422F6C6D180038A4A7 /* Resources */ = {
			isa = PBXResourcesBuildPhase;
			buildActionMask = 2147483647;
			files = (
				69557BDF2FC790A400B24E91 /* sendBackspace.js in Resources */,
				69DB11F52F6CA43700266234 /* bwLP-Remote-LaunchScreen.storyboard in Resources */,
				69DB11F72F6CA43700266234 /* OSVDIClient-LaunchScreen.storyboard in Resources */,
				69557BE02FC790A800B24E91 /* sendEnter.js in Resources */,
				69557BDD2FC7909500B24E91 /* touchToMouseScript.js in Resources */,
				69557BDE2FC7909900B24E91 /* disableSelectionScript.js in Resources */,
			);
			runOnlyForDeploymentPostprocessing = 0;
		};
		69C636D02EDE01610041D875 /* Resources */ = {
			isa = PBXResourcesBuildPhase;
			buildActionMask = 2147483647;
			files = (
				69975F592FC47EF000F9B4A0 /* sendBackspace.js in Resources */,
				69DB11F22F6CA43700266234 /* bwLP-Remote-LaunchScreen.storyboard in Resources */,
				69DB11F42F6CA43700266234 /* OSVDIClient-LaunchScreen.storyboard in Resources */,
				69975F5B2FC47F0100F9B4A0 /* sendEnter.js in Resources */,
				6940CEC72F69EF75003F9516 /* touchToMouseScript.js in Resources */,
				6940CEC52F69EF61003F9516 /* disableSelectionScript.js in Resources */,
			);
			runOnlyForDeploymentPostprocessing = 0;
		};
/* End PBXResourcesBuildPhase section */

/* Begin PBXSourcesBuildPhase section */
		696151402F6C6D180038A4A7 /* Sources */ = {
			isa = PBXSourcesBuildPhase;
			buildActionMask = 2147483647;
			files = (
				69DB11EC2F6CA40800266234 /* SpiceMobileApp.swift in Sources */,
				69DB11E92F6CA3FE00266234 /* loadJS.swift in Sources */,
				69834CEF300978C900A7048A /* ContentView.swift in Sources */,
				6989BD663013A93800DF8BDB /* DocumentPickerView.swift in Sources */,
				69DB11E72F6CA3FB00266234 /* WebView.swift in Sources */,
				69DB11E52F6CA3EF00266234 /* EnhancedTextField.swift in Sources */,
				69DB11E42F6CA3EC00266234 /* VMView.swift in Sources */,
				69DB11E22F6CA3E600266234 /* Assets.xcassets in Sources */,
			);
			runOnlyForDeploymentPostprocessing = 0;
		};
		69C636CE2EDE01610041D875 /* Sources */ = {
			isa = PBXSourcesBuildPhase;
			buildActionMask = 2147483647;
			files = (
				6940CED02F69FA29003F9516 /* loadJS.swift in Sources */,
				69EDD23B2F642BB80008D85D /* Assets.xcassets in Sources */,
				69834CEE300978C900A7048A /* ContentView.swift in Sources */,
				6989BD673013A93800DF8BDB /* DocumentPickerView.swift in Sources */,
				69EDD2392F642B930008D85D /* EnhancedTextField.swift in Sources */,
				69EDD2372F642B8B0008D85D /* VMView.swift in Sources */,
				69EDD2362F642B870008D85D /* WebView.swift in Sources */,
				69EDD2342F642B090008D85D /* SpiceMobileApp.swift in Sources */,
			);
			runOnlyForDeploymentPostprocessing = 0;
		};
/* End PBXSourcesBuildPhase section */

/* Begin XCBuildConfiguration section */
		6961514C2F6C6D1A0038A4A7 /* Debug */ = {
			isa = XCBuildConfiguration;
			buildSettings = {
				ASSETCATALOG_COMPILER_APPICON_NAME = "bwLP-Remote-AppIcon";
				ASSETCATALOG_COMPILER_GLOBAL_ACCENT_COLOR_NAME = AccentColor;
				ASSETCATALOG_COMPILER_INCLUDE_ALL_APPICON_ASSETS = NO;
				CODE_SIGN_STYLE = Automatic;
				CURRENT_PROJECT_VERSION = 1;
				ENABLE_PREVIEWS = YES;
				GENERATE_INFOPLIST_FILE = YES;
				INFOPLIST_KEY_UIApplicationSceneManifest_Generation = YES;
				INFOPLIST_KEY_UIApplicationSupportsIndirectInputEvents = YES;
				INFOPLIST_KEY_UILaunchScreen_Generation = YES;
				INFOPLIST_KEY_UILaunchStoryboardName = "bwLP-Remote-LaunchScreen.storyboard";
				INFOPLIST_KEY_UIRequiresFullScreen = YES;
				INFOPLIST_KEY_UIStatusBarStyle = UIStatusBarStyleLightContent;
				INFOPLIST_KEY_UISupportedInterfaceOrientations = "UIInterfaceOrientationLandscapeLeft UIInterfaceOrientationLandscapeRight";
				IPHONEOS_DEPLOYMENT_TARGET = 17.0;
				LD_RUNPATH_SEARCH_PATHS = (
					"$(inherited)",
					"@executable_path/Frameworks",
				);
				MARKETING_VERSION = 1.0.3;
				PRODUCT_BUNDLE_IDENTIFIER = de.unifreiburg.bwlpremote;
				PRODUCT_NAME = "$(TARGET_NAME)";
				STRING_CATALOG_GENERATE_SYMBOLS = YES;
				SWIFT_APPROACHABLE_CONCURRENCY = YES;
				SWIFT_DEFAULT_ACTOR_ISOLATION = MainActor;
				SWIFT_EMIT_LOC_STRINGS = YES;
				SWIFT_UPCOMING_FEATURE_MEMBER_IMPORT_VISIBILITY = YES;
				SWIFT_VERSION = 5.0;
				TARGETED_DEVICE_FAMILY = "1,2";
			};
			name = Debug;
		};
		6961514D2F6C6D1A0038A4A7 /* Release */ = {
			isa = XCBuildConfiguration;
			buildSettings = {
				ASSETCATALOG_COMPILER_APPICON_NAME = "bwLP-Remote-AppIcon";
				ASSETCATALOG_COMPILER_GLOBAL_ACCENT_COLOR_NAME = AccentColor;
				ASSETCATALOG_COMPILER_INCLUDE_ALL_APPICON_ASSETS = NO;
				CODE_SIGN_STYLE = Automatic;
				CURRENT_PROJECT_VERSION = 1;
				ENABLE_PREVIEWS = YES;
				GENERATE_INFOPLIST_FILE = YES;
				INFOPLIST_KEY_UIApplicationSceneManifest_Generation = YES;
				INFOPLIST_KEY_UIApplicationSupportsIndirectInputEvents = YES;
				INFOPLIST_KEY_UILaunchScreen_Generation = YES;
				INFOPLIST_KEY_UILaunchStoryboardName = "bwLP-Remote-LaunchScreen.storyboard";
				INFOPLIST_KEY_UIRequiresFullScreen = YES;
				INFOPLIST_KEY_UIStatusBarStyle = UIStatusBarStyleLightContent;
				INFOPLIST_KEY_UISupportedInterfaceOrientations = "UIInterfaceOrientationLandscapeLeft UIInterfaceOrientationLandscapeRight";
				IPHONEOS_DEPLOYMENT_TARGET = 17.0;
				LD_RUNPATH_SEARCH_PATHS = (
					"$(inherited)",
					"@executable_path/Frameworks",
				);
				MARKETING_VERSION = 1.0.3;
				PRODUCT_BUNDLE_IDENTIFIER = de.unifreiburg.bwlpremote;
				PRODUCT_NAME = "$(TARGET_NAME)";
				STRING_CATALOG_GENERATE_SYMBOLS = YES;
				SWIFT_APPROACHABLE_CONCURRENCY = YES;
				SWIFT_DEFAULT_ACTOR_ISOLATION = MainActor;
				SWIFT_EMIT_LOC_STRINGS = YES;
				SWIFT_UPCOMING_FEATURE_MEMBER_IMPORT_VISIBILITY = YES;
				SWIFT_VERSION = 5.0;
				TARGETED_DEVICE_FAMILY = "1,2";
			};
			name = Release;
		};
		69C636E02EDE01620041D875 /* Debug */ = {
			isa = XCBuildConfiguration;
			buildSettings = {
				ALWAYS_SEARCH_USER_PATHS = NO;
				ASSETCATALOG_COMPILER_GENERATE_SWIFT_ASSET_SYMBOL_EXTENSIONS = YES;
				CLANG_ANALYZER_NONNULL = YES;
				CLANG_ANALYZER_NUMBER_OBJECT_CONVERSION = YES_AGGRESSIVE;
				CLANG_CXX_LANGUAGE_STANDARD = "gnu++20";
				CLANG_ENABLE_MODULES = YES;
				CLANG_ENABLE_OBJC_ARC = YES;
				CLANG_ENABLE_OBJC_WEAK = YES;
				CLANG_WARN_BLOCK_CAPTURE_AUTORELEASING = YES;
				CLANG_WARN_BOOL_CONVERSION = YES;
				CLANG_WARN_COMMA = YES;
				CLANG_WARN_CONSTANT_CONVERSION = YES;
				CLANG_WARN_DEPRECATED_OBJC_IMPLEMENTATIONS = YES;
				CLANG_WARN_DIRECT_OBJC_ISA_USAGE = YES_ERROR;
				CLANG_WARN_DOCUMENTATION_COMMENTS = YES;
				CLANG_WARN_EMPTY_BODY = YES;
				CLANG_WARN_ENUM_CONVERSION = YES;
				CLANG_WARN_INFINITE_RECURSION = YES;
				CLANG_WARN_INT_CONVERSION = YES;
				CLANG_WARN_NON_LITERAL_NULL_CONVERSION = YES;
				CLANG_WARN_OBJC_IMPLICIT_RETAIN_SELF = YES;
				CLANG_WARN_OBJC_LITERAL_CONVERSION = YES;
				CLANG_WARN_OBJC_ROOT_CLASS = YES_ERROR;
				CLANG_WARN_QUOTED_INCLUDE_IN_FRAMEWORK_HEADER = YES;
				CLANG_WARN_RANGE_LOOP_ANALYSIS = YES;
				CLANG_WARN_STRICT_PROTOTYPES = YES;
				CLANG_WARN_SUSPICIOUS_MOVE = YES;
				CLANG_WARN_UNGUARDED_AVAILABILITY = YES_AGGRESSIVE;
				CLANG_WARN_UNREACHABLE_CODE = YES;
				CLANG_WARN__DUPLICATE_METHOD_MATCH = YES;
				COPY_PHASE_STRIP = NO;
				DEBUG_INFORMATION_FORMAT = dwarf;
				DEVELOPMENT_TEAM = 3S7NS8F55M;
				ENABLE_STRICT_OBJC_MSGSEND = YES;
				ENABLE_TESTABILITY = YES;
				ENABLE_USER_SCRIPT_SANDBOXING = YES;
				GCC_C_LANGUAGE_STANDARD = gnu17;
				GCC_DYNAMIC_NO_PIC = NO;
				GCC_NO_COMMON_BLOCKS = YES;
				GCC_OPTIMIZATION_LEVEL = 0;
				GCC_PREPROCESSOR_DEFINITIONS = (
					"DEBUG=1",
					"$(inherited)",
				);
				GCC_WARN_64_TO_32_BIT_CONVERSION = YES;
				GCC_WARN_ABOUT_RETURN_TYPE = YES_ERROR;
				GCC_WARN_UNDECLARED_SELECTOR = YES;
				GCC_WARN_UNINITIALIZED_AUTOS = YES_AGGRESSIVE;
				GCC_WARN_UNUSED_FUNCTION = YES;
				GCC_WARN_UNUSED_VARIABLE = YES;
				IPHONEOS_DEPLOYMENT_TARGET = 26.1;
				LOCALIZATION_PREFERS_STRING_CATALOGS = YES;
				MTL_ENABLE_DEBUG_INFO = INCLUDE_SOURCE;
				MTL_FAST_MATH = YES;
				ONLY_ACTIVE_ARCH = YES;
				SDKROOT = iphoneos;
				STRING_CATALOG_GENERATE_SYMBOLS = YES;
				SWIFT_ACTIVE_COMPILATION_CONDITIONS = "DEBUG $(inherited)";
				SWIFT_OPTIMIZATION_LEVEL = "-Onone";
			};
			name = Debug;
		};
		69C636E12EDE01620041D875 /* Release */ = {
			isa = XCBuildConfiguration;
			buildSettings = {
				ALWAYS_SEARCH_USER_PATHS = NO;
				ASSETCATALOG_COMPILER_GENERATE_SWIFT_ASSET_SYMBOL_EXTENSIONS = YES;
				CLANG_ANALYZER_NONNULL = YES;
				CLANG_ANALYZER_NUMBER_OBJECT_CONVERSION = YES_AGGRESSIVE;
				CLANG_CXX_LANGUAGE_STANDARD = "gnu++20";
				CLANG_ENABLE_MODULES = YES;
				CLANG_ENABLE_OBJC_ARC = YES;
				CLANG_ENABLE_OBJC_WEAK = YES;
				CLANG_WARN_BLOCK_CAPTURE_AUTORELEASING = YES;
				CLANG_WARN_BOOL_CONVERSION = YES;
				CLANG_WARN_COMMA = YES;
				CLANG_WARN_CONSTANT_CONVERSION = YES;
				CLANG_WARN_DEPRECATED_OBJC_IMPLEMENTATIONS = YES;
				CLANG_WARN_DIRECT_OBJC_ISA_USAGE = YES_ERROR;
				CLANG_WARN_DOCUMENTATION_COMMENTS = YES;
				CLANG_WARN_EMPTY_BODY = YES;
				CLANG_WARN_ENUM_CONVERSION = YES;
				CLANG_WARN_INFINITE_RECURSION = YES;
				CLANG_WARN_INT_CONVERSION = YES;
				CLANG_WARN_NON_LITERAL_NULL_CONVERSION = YES;
				CLANG_WARN_OBJC_IMPLICIT_RETAIN_SELF = YES;
				CLANG_WARN_OBJC_LITERAL_CONVERSION = YES;
				CLANG_WARN_OBJC_ROOT_CLASS = YES_ERROR;
				CLANG_WARN_QUOTED_INCLUDE_IN_FRAMEWORK_HEADER = YES;
				CLANG_WARN_RANGE_LOOP_ANALYSIS = YES;
				CLANG_WARN_STRICT_PROTOTYPES = YES;
				CLANG_WARN_SUSPICIOUS_MOVE = YES;
				CLANG_WARN_UNGUARDED_AVAILABILITY = YES_AGGRESSIVE;
				CLANG_WARN_UNREACHABLE_CODE = YES;
				CLANG_WARN__DUPLICATE_METHOD_MATCH = YES;
				COPY_PHASE_STRIP = NO;
				DEBUG_INFORMATION_FORMAT = "dwarf-with-dsym";
				DEVELOPMENT_TEAM = 3S7NS8F55M;
				ENABLE_NS_ASSERTIONS = NO;
				ENABLE_STRICT_OBJC_MSGSEND = YES;
				ENABLE_USER_SCRIPT_SANDBOXING = YES;
				GCC_C_LANGUAGE_STANDARD = gnu17;
				GCC_NO_COMMON_BLOCKS = YES;
				GCC_WARN_64_TO_32_BIT_CONVERSION = YES;
				GCC_WARN_ABOUT_RETURN_TYPE = YES_ERROR;
				GCC_WARN_UNDECLARED_SELECTOR = YES;
				GCC_WARN_UNINITIALIZED_AUTOS = YES_AGGRESSIVE;
				GCC_WARN_UNUSED_FUNCTION = YES;
				GCC_WARN_UNUSED_VARIABLE = YES;
				IPHONEOS_DEPLOYMENT_TARGET = 26.1;
				LOCALIZATION_PREFERS_STRING_CATALOGS = YES;
				MTL_ENABLE_DEBUG_INFO = NO;
				MTL_FAST_MATH = YES;
				SDKROOT = iphoneos;
				STRING_CATALOG_GENERATE_SYMBOLS = YES;
				SWIFT_COMPILATION_MODE = wholemodule;
				VALIDATE_PRODUCT = YES;
			};
			name = Release;
		};
		69C636E32EDE01620041D875 /* Debug */ = {
			isa = XCBuildConfiguration;
			buildSettings = {
				ASSETCATALOG_COMPILER_APPICON_NAME = "OSVDIClient-AppIcon";
				ASSETCATALOG_COMPILER_GLOBAL_ACCENT_COLOR_NAME = AccentColor;
				CODE_SIGN_STYLE = Automatic;
				CURRENT_PROJECT_VERSION = 1;
				ENABLE_PREVIEWS = YES;
				GENERATE_INFOPLIST_FILE = YES;
				INFOPLIST_KEY_UIApplicationSceneManifest_Generation = YES;
				INFOPLIST_KEY_UIApplicationSupportsIndirectInputEvents = YES;
				INFOPLIST_KEY_UILaunchScreen_Generation = YES;
				INFOPLIST_KEY_UILaunchStoryboardName = "OSVDIClient-LaunchScreen.storyboard";
				INFOPLIST_KEY_UIRequiresFullScreen = YES;
				INFOPLIST_KEY_UIStatusBarStyle = UIStatusBarStyleLightContent;
				INFOPLIST_KEY_UISupportedInterfaceOrientations = "UIInterfaceOrientationLandscapeLeft UIInterfaceOrientationLandscapeRight";
				IPHONEOS_DEPLOYMENT_TARGET = 17.0;
				LD_RUNPATH_SEARCH_PATHS = (
					"$(inherited)",
					"@executable_path/Frameworks",
				);
				MARKETING_VERSION = 1.0.3;
				PRODUCT_BUNDLE_IDENTIFIER = de.unifreiburg.osvdiclient;
				PRODUCT_NAME = "$(TARGET_NAME)";
				STRING_CATALOG_GENERATE_SYMBOLS = YES;
				SWIFT_APPROACHABLE_CONCURRENCY = YES;
				SWIFT_DEFAULT_ACTOR_ISOLATION = MainActor;
				SWIFT_EMIT_LOC_STRINGS = YES;
				SWIFT_UPCOMING_FEATURE_MEMBER_IMPORT_VISIBILITY = YES;
				SWIFT_VERSION = 5.0;
				TARGETED_DEVICE_FAMILY = "1,2";
			};
			name = Debug;
		};
		69C636E42EDE01620041D875 /* Release */ = {
			isa = XCBuildConfiguration;
			buildSettings = {
				ASSETCATALOG_COMPILER_APPICON_NAME = "OSVDIClient-AppIcon";
				ASSETCATALOG_COMPILER_GLOBAL_ACCENT_COLOR_NAME = AccentColor;
				CODE_SIGN_STYLE = Automatic;
				CURRENT_PROJECT_VERSION = 1;
				ENABLE_PREVIEWS = YES;
				GENERATE_INFOPLIST_FILE = YES;
				INFOPLIST_KEY_UIApplicationSceneManifest_Generation = YES;
				INFOPLIST_KEY_UIApplicationSupportsIndirectInputEvents = YES;
				INFOPLIST_KEY_UILaunchScreen_Generation = YES;
				INFOPLIST_KEY_UILaunchStoryboardName = "OSVDIClient-LaunchScreen.storyboard";
				INFOPLIST_KEY_UIRequiresFullScreen = YES;
				INFOPLIST_KEY_UIStatusBarStyle = UIStatusBarStyleLightContent;
				INFOPLIST_KEY_UISupportedInterfaceOrientations = "UIInterfaceOrientationLandscapeLeft UIInterfaceOrientationLandscapeRight";
				IPHONEOS_DEPLOYMENT_TARGET = 17.0;
				LD_RUNPATH_SEARCH_PATHS = (
					"$(inherited)",
					"@executable_path/Frameworks",
				);
				MARKETING_VERSION = 1.0.3;
				PRODUCT_BUNDLE_IDENTIFIER = de.unifreiburg.osvdiclient;
				PRODUCT_NAME = "$(TARGET_NAME)";
				STRING_CATALOG_GENERATE_SYMBOLS = YES;
				SWIFT_APPROACHABLE_CONCURRENCY = YES;
				SWIFT_DEFAULT_ACTOR_ISOLATION = MainActor;
				SWIFT_EMIT_LOC_STRINGS = YES;
				SWIFT_UPCOMING_FEATURE_MEMBER_IMPORT_VISIBILITY = YES;
				SWIFT_VERSION = 5.0;
				TARGETED_DEVICE_FAMILY = "1,2";
			};
			name = Release;
		};
/* End XCBuildConfiguration section */

/* Begin XCConfigurationList section */
		6961514E2F6C6D1A0038A4A7 /* Build configuration list for PBXNativeTarget "bwLP Remote" */ = {
			isa = XCConfigurationList;
			buildConfigurations = (
				6961514C2F6C6D1A0038A4A7 /* Debug */,
				6961514D2F6C6D1A0038A4A7 /* Release */,
			);
			defaultConfigurationIsVisible = 0;
			defaultConfigurationName = Release;
		};
		69C636CD2EDE01610041D875 /* Build configuration list for PBXProject "SpiceMobile" */ = {
			isa = XCConfigurationList;
			buildConfigurations = (
				69C636E02EDE01620041D875 /* Debug */,
				69C636E12EDE01620041D875 /* Release */,
			);
			defaultConfigurationIsVisible = 0;
			defaultConfigurationName = Release;
		};
		69C636E22EDE01620041D875 /* Build configuration list for PBXNativeTarget "OSVDIClient" */ = {
			isa = XCConfigurationList;
			buildConfigurations = (
				69C636E32EDE01620041D875 /* Debug */,
				69C636E42EDE01620041D875 /* Release */,
			);
			defaultConfigurationIsVisible = 0;
			defaultConfigurationName = Release;
		};
/* End XCConfigurationList section */
	};
	rootObject = 69C636CA2EDE01610041D875 /* Project object */;
}
